
Microsoft Visual Studio Solution File, Format Version 12.00
# Visual Studio Version 17
VisualStudioVersion = 17.4.33213.308
MinimumVisualStudioVersion = 10.0.40219.1
Project("{FAE04EC0-301F-11D3-BF4B-00C04F79EFBC}") = "laba10snova", "laba10snova\laba10snova.csproj", "{43C9DFAC-08C5-4843-A275-6DC2D318EE6F}"
EndProject
Global
	GlobalSection(SolutionConfigurationPlatforms) = preSolution
		Debug|Any CPU = Debug|Any CPU
		Release|Any CPU = Release|Any CPU
	EndGlobalSection
	GlobalSection(ProjectConfigurationPlatforms) = postSolution
		{43C9DFAC-08C5-4843-A275-6DC2D318EE6F}.Debug|Any CPU.ActiveCfg = Debug|Any CPU
		{43C9DFAC-08C5-4843-A275-6DC2D318EE6F}.Debug|Any CPU.Build.0 = Debug|Any CPU
		{43C9DFAC-08C5-4843-A275-6DC2D318EE6F}.Release|Any CPU.ActiveCfg = Release|Any CPU
		{43C9DFAC-08C5-4843-A275-6DC2D318EE6F}.Release|Any CPU.Build.0 = Release|Any CPU
	EndGlobalSection
	GlobalSection(SolutionProperties) = preSolution
		HideSolutionNode = FALSE
	EndGlobalSection
	GlobalSection(ExtensibilityGlobals) = postSolution
		SolutionGuid = {790E94ED-CF26-435A-B3C3-99BD300D503F}
	EndGlobalSection
EndGlobal
